
Microsoft Visual Studio Solution File, Format Version 12.00
# Visual Studio 2012
VisualStudioVersion = 12.0.30723.0
MinimumVisualStudioVersion = 10.0.40219.1
Project("{FAE04EC0-301F-11D3-BF4B-00C04F79EFBC}") = "first", "first\first\first.csproj", "{4CA19A3A-1E38-4589-B088-C5D35E2F1E6A}"
EndProject
Project("{FAE04EC0-301F-11D3-BF4B-00C04F79EFBC}") = "first.iOS", "first\first.iOS\first.iOS.csproj", "{BC754CA3-0A61-41FD-B622-2BE95945007F}"
EndProject
Project("{FAE04EC0-301F-11D3-BF4B-00C04F79EFBC}") = "first.Android", "first\first.Android\first.Android.csproj", "{305B8B68-F069-4189-9820-4D1D46184BC8}"
EndProject
Project("{FAE04EC0-301F-11D3-BF4B-00C04F79EFBC}") = "first.WinPhone", "first\first.WinPhone\first.WinPhone.csproj", "{0B2E659E-49EC-4D2D-886F-4C936D5825DE}"
EndProject
Global
	GlobalSection(SolutionConfigurationPlatforms) = preSolution
		Ad-Hoc|Any CPU = Ad-Hoc|Any CPU
		Ad-Hoc|ARM = Ad-Hoc|ARM
		Ad-Hoc|iPhone = Ad-Hoc|iPhone
		Ad-Hoc|iPhoneSimulator = Ad-Hoc|iPhoneSimulator
		Ad-Hoc|Mixed Platforms = Ad-Hoc|Mixed Platforms
		Ad-Hoc|x86 = Ad-Hoc|x86
		AppStore|Any CPU = AppStore|Any CPU
		AppStore|ARM = AppStore|ARM
		AppStore|iPhone = AppStore|iPhone
		AppStore|iPhoneSimulator = AppStore|iPhoneSimulator
		AppStore|Mixed Platforms = AppStore|Mixed Platforms
		AppStore|x86 = AppStore|x86
		Debug|Any CPU = Debug|Any CPU
		Debug|ARM = Debug|ARM
		Debug|iPhone = Debug|iPhone
		Debug|iPhoneSimulator = Debug|iPhoneSimulator
		Debug|Mixed Platforms = Debug|Mixed Platforms
		Debug|x86 = Debug|x86
		Release|Any CPU = Release|Any CPU
		Release|ARM = Release|ARM
		Release|iPhone = Release|iPhone
		Release|iPhoneSimulator = Release|iPhoneSimulator
		Release|Mixed Platforms = Release|Mixed Platforms
		Release|x86 = Release|x86
	EndGlobalSection
	GlobalSection(ProjectConfigurationPlatforms) = postSolution
		{0B2E659E-49EC-4D2D-886F-4C936D5825DE}.Ad-Hoc|Any CPU.ActiveCfg = Release|Any CPU
		{0B2E659E-49EC-4D2D-886F-4C936D5825DE}.Ad-Hoc|Any CPU.Build.0 = Release|Any CPU
		{0B2E659E-49EC-4D2D-886F-4C936D5825DE}.Ad-Hoc|Any CPU.Deploy.0 = Release|Any CPU
		{0B2E659E-49EC-4D2D-886F-4C936D5825DE}.Ad-Hoc|ARM.ActiveCfg = Release|ARM
		{0B2E659E-49EC-4D2D-886F-4C936D5825DE}.Ad-Hoc|ARM.Build.0 = Release|ARM
		{0B2E659E-49EC-4D2D-886F-4C936D5825DE}.Ad-Hoc|ARM.Deploy.0 = Release|ARM
		{0B2E659E-49EC-4D2D-886F-4C936D5825DE}.Ad-Hoc|iPhone.ActiveCfg = Release|Any CPU
		{0B2E659E-49EC-4D2D-886F-4C936D5825DE}.Ad-Hoc|iPhoneSimulator.ActiveCfg = Release|Any CPU
		{0B2E659E-49EC-4D2D-886F-4C936D5825DE}.Ad-Hoc|Mixed Platforms.ActiveCfg = Release|x86
		{0B2E659E-49EC-4D2D-886F-4C936D5825DE}.Ad-Hoc|Mixed Platforms.Build.0 = Release|x86
		{0B2E659E-49EC-4D2D-886F-4C936D5825DE}.Ad-Hoc|Mixed Platforms.Deploy.0 = Release|x86
		{0B2E659E-49EC-4D2D-886F-4C936D5825DE}.Ad-Hoc|x86.ActiveCfg = Release|x86
		{0B2E659E-49EC-4D2D-886F-4C936D5825DE}.Ad-Hoc|x86.Build.0 = Release|x86
		{0B2E659E-49EC-4D2D-886F-4C936D5825DE}.Ad-Hoc|x86.Deploy.0 = Release|x86
		{0B2E659E-49EC-4D2D-886F-4C936D5825DE}.AppStore|Any CPU.ActiveCfg = Release|Any CPU
		{0B2E659E-49EC-4D2D-886F-4C936D5825DE}.AppStore|Any CPU.Build.0 = Release|Any CPU
		{0B2E659E-49EC-4D2D-886F-4C936D5825DE}.AppStore|Any CPU.Deploy.0 = Release|Any CPU
		{0B2E659E-49EC-4D2D-886F-4C936D5825DE}.AppStore|ARM.ActiveCfg = Release|ARM
		{0B2E659E-49EC-4D2D-886F-4C936D5825DE}.AppStore|ARM.Build.0 = Release|ARM
		{0B2E659E-49EC-4D2D-886F-4C936D5825DE}.AppStore|ARM.Deploy.0 = Release|ARM
		{0B2E659E-49EC-4D2D-886F-4C936D5825DE}.AppStore|iPhone.ActiveCfg = Release|Any CPU
		{0B2E659E-49EC-4D2D-886F-4C936D5825DE}.AppStore|iPhoneSimulator.ActiveCfg = Release|Any CPU
		{0B2E659E-49EC-4D2D-886F-4C936D5825DE}.AppStore|Mixed Platforms.ActiveCfg = Release|x86
		{0B2E659E-49EC-4D2D-886F-4C936D5825DE}.AppStore|Mixed Platforms.Build.0 = Release|x86
		{0B2E659E-49EC-4D2D-886F-4C936D5825DE}.AppStore|Mixed Platforms.Deploy.0 = Release|x86
		{0B2E659E-49EC-4D2D-886F-4C936D5825DE}.AppStore|x86.ActiveCfg = Release|x86
		{0B2E659E-49EC-4D2D-886F-4C936D5825DE}.AppStore|x86.Build.0 = Release|x86
		{0B2E659E-49EC-4D2D-886F-4C936D5825DE}.AppStore|x86.Deploy.0 = Release|x86
		{0B2E659E-49EC-4D2D-886F-4C936D5825DE}.Debug|Any CPU.ActiveCfg = Debug|Any CPU
		{0B2E659E-49EC-4D2D-886F-4C936D5825DE}.Debug|Any CPU.Build.0 = Debug|Any CPU
		{0B2E659E-49EC-4D2D-886F-4C936D5825DE}.Debug|Any CPU.Deploy.0 = Debug|Any CPU
		{0B2E659E-49EC-4D2D-886F-4C936D5825DE}.Debug|ARM.ActiveCfg = Debug|ARM
		{0B2E659E-49EC-4D2D-886F-4C936D5825DE}.Debug|ARM.Build.0 = Debug|ARM
		{0B2E659E-49EC-4D2D-886F-4C936D5825DE}.Debug|ARM.Deploy.0 = Debug|ARM
		{0B2E659E-49EC-4D2D-886F-4C936D5825DE}.Debug|iPhone.ActiveCfg = Debug|Any CPU
		{0B2E659E-49EC-4D2D-886F-4C936D5825DE}.Debug|iPhoneSimulator.ActiveCfg = Debug|Any CPU
		{0B2E659E-49EC-4D2D-886F-4C936D5825DE}.Debug|Mixed Platforms.ActiveCfg = Debug|x86
		{0B2E659E-49EC-4D2D-886F-4C936D5825DE}.Debug|Mixed Platforms.Build.0 = Debug|x86
		{0B2E659E-49EC-4D2D-886F-4C936D5825DE}.Debug|Mixed Platforms.Deploy.0 = Debug|x86
		{0B2E659E-49EC-4D2D-886F-4C936D5825DE}.Debug|x86.ActiveCfg = Debug|x86
		{0B2E659E-49EC-4D2D-886F-4C936D5825DE}.Debug|x86.Build.0 = Debug|x86
		{0B2E659E-49EC-4D2D-886F-4C936D5825DE}.Debug|x86.Deploy.0 = Debug|x86
		{0B2E659E-49EC-4D2D-886F-4C936D5825DE}.Release|Any CPU.ActiveCfg = Release|Any CPU
		{0B2E659E-49EC-4D2D-886F-4C936D5825DE}.Release|Any CPU.Build.0 = Release|Any CPU
		{0B2E659E-49EC-4D2D-886F-4C936D5825DE}.Release|Any CPU.Deploy.0 = Release|Any CPU
		{0B2E659E-49EC-4D2D-886F-4C936D5825DE}.Release|ARM.ActiveCfg = Release|ARM
		{0B2E659E-49EC-4D2D-886F-4C936D5825DE}.Release|ARM.Build.0 = Release|ARM
		{0B2E659E-49EC-4D2D-886F-4C936D5825DE}.Release|ARM.Deploy.0 = Release|ARM
		{0B2E659E-49EC-4D2D-886F-4C936D5825DE}.Release|iPhone.ActiveCfg = Release|Any CPU
		{0B2E659E-49EC-4D2D-886F-4C936D5825DE}.Release|iPhoneSimulator.ActiveCfg = Release|Any CPU
		{0B2E659E-49EC-4D2D-886F-4C936D5825DE}.Release|Mixed Platforms.ActiveCfg = Release|x86
		{0B2E659E-49EC-4D2D-886F-4C936D5825DE}.Release|Mixed Platforms.Build.0 = Release|x86
		{0B2E659E-49EC-4D2D-886F-4C936D5825DE}.Release|Mixed Platforms.Deploy.0 = Release|x86
		{0B2E659E-49EC-4D2D-886F-4C936D5825DE}.Release|x86.ActiveCfg = Release|x86
		{0B2E659E-49EC-4D2D-886F-4C936D5825DE}.Release|x86.Build.0 = Release|x86
		{0B2E659E-49EC-4D2D-886F-4C936D5825DE}.Release|x86.Deploy.0 = Release|x86
		{305B8B68-F069-4189-9820-4D1D46184BC8}.Ad-Hoc|Any CPU.ActiveCfg = Release|Any CPU
		{305B8B68-F069-4189-9820-4D1D46184BC8}.Ad-Hoc|Any CPU.Build.0 = Release|Any CPU
		{305B8B68-F069-4189-9820-4D1D46184BC8}.Ad-Hoc|Any CPU.Deploy.0 = Release|Any CPU
		{305B8B68-F069-4189-9820-4D1D46184BC8}.Ad-Hoc|ARM.ActiveCfg = Release|Any CPU
		{305B8B68-F069-4189-9820-4D1D46184BC8}.Ad-Hoc|iPhone.ActiveCfg = Release|Any CPU
		{305B8B68-F069-4189-9820-4D1D46184BC8}.Ad-Hoc|iPhoneSimulator.ActiveCfg = Release|Any CPU
		{305B8B68-F069-4189-9820-4D1D46184BC8}.Ad-Hoc|Mixed Platforms.ActiveCfg = Release|Any CPU
		{305B8B68-F069-4189-9820-4D1D46184BC8}.Ad-Hoc|Mixed Platforms.Build.0 = Release|Any CPU
		{305B8B68-F069-4189-9820-4D1D46184BC8}.Ad-Hoc|Mixed Platforms.Deploy.0 = Release|Any CPU
		{305B8B68-F069-4189-9820-4D1D46184BC8}.Ad-Hoc|x86.ActiveCfg = Release|Any CPU
		{305B8B68-F069-4189-9820-4D1D46184BC8}.AppStore|Any CPU.ActiveCfg = Release|Any CPU
		{305B8B68-F069-4189-9820-4D1D46184BC8}.AppStore|Any CPU.Build.0 = Release|Any CPU
		{305B8B68-F069-4189-9820-4D1D46184BC8}.AppStore|Any CPU.Deploy.0 = Release|Any CPU
		{305B8B68-F069-4189-9820-4D1D46184BC8}.AppStore|ARM.ActiveCfg = Release|Any CPU
		{305B8B68-F069-4189-9820-4D1D46184BC8}.AppStore|iPhone.ActiveCfg = Release|Any CPU
		{305B8B68-F069-4189-9820-4D1D46184BC8}.AppStore|iPhoneSimulator.ActiveCfg = Release|Any CPU
		{305B8B68-F069-4189-9820-4D1D46184BC8}.AppStore|Mixed Platforms.ActiveCfg = Release|Any CPU
		{305B8B68-F069-4189-9820-4D1D46184BC8}.AppStore|Mixed Platforms.Build.0 = Release|Any CPU
		{305B8B68-F069-4189-9820-4D1D46184BC8}.AppStore|Mixed Platforms.Deploy.0 = Release|Any CPU
		{305B8B68-F069-4189-9820-4D1D46184BC8}.AppStore|x86.ActiveCfg = Release|Any CPU
		{305B8B68-F069-4189-9820-4D1D46184BC8}.Debug|Any CPU.ActiveCfg = Debug|Any CPU
		{305B8B68-F069-4189-9820-4D1D46184BC8}.Debug|Any CPU.Build.0 = Debug|Any CPU
		{305B8B68-F069-4189-9820-4D1D46184BC8}.Debug|Any CPU.Deploy.0 = Debug|Any CPU
		{305B8B68-F069-4189-9820-4D1D46184BC8}.Debug|ARM.ActiveCfg = Debug|Any CPU
		{305B8B68-F069-4189-9820-4D1D46184BC8}.Debug|iPhone.ActiveCfg = Debug|Any CPU
		{305B8B68-F069-4189-9820-4D1D46184BC8}.Debug|iPhoneSimulator.ActiveCfg = Debug|Any CPU
		{305B8B68-F069-4189-9820-4D1D46184BC8}.Debug|Mixed Platforms.ActiveCfg = Debug|Any CPU
		{305B8B68-F069-4189-9820-4D1D46184BC8}.Debug|Mixed Platforms.Build.0 = Debug|Any CPU
		{305B8B68-F069-4189-9820-4D1D46184BC8}.Debug|Mixed Platforms.Deploy.0 = Debug|Any CPU
		{305B8B68-F069-4189-9820-4D1D46184BC8}.Debug|x86.ActiveCfg = Debug|Any CPU
		{305B8B68-F069-4189-9820-4D1D46184BC8}.Release|Any CPU.ActiveCfg = Release|Any CPU
		{305B8B68-F069-4189-9820-4D1D46184BC8}.Release|Any CPU.Build.0 = Release|Any CPU
		{305B8B68-F069-4189-9820-4D1D46184BC8}.Release|Any CPU.Deploy.0 = Release|Any CPU
		{305B8B68-F069-4189-9820-4D1D46184BC8}.Release|ARM.ActiveCfg = Release|Any CPU
		{305B8B68-F069-4189-9820-4D1D46184BC8}.Release|iPhone.ActiveCfg = Release|Any CPU
		{305B8B68-F069-4189-9820-4D1D46184BC8}.Release|iPhoneSimulator.ActiveCfg = Release|Any CPU
		{305B8B68-F069-4189-9820-4D1D46184BC8}.Release|Mixed Platforms.ActiveCfg = Release|Any CPU
		{305B8B68-F069-4189-9820-4D1D46184BC8}.Release|Mixed Platforms.Build.0 = Release|Any CPU
		{305B8B68-F069-4189-9820-4D1D46184BC8}.Release|Mixed Platforms.Deploy.0 = Release|Any CPU
		{305B8B68-F069-4189-9820-4D1D46184BC8}.Release|x86.ActiveCfg = Release|Any CPU
		{4CA19A3A-1E38-4589-B088-C5D35E2F1E6A}.Ad-Hoc|Any CPU.ActiveCfg = Release|Any CPU
		{4CA19A3A-1E38-4589-B088-C5D35E2F1E6A}.Ad-Hoc|Any CPU.Build.0 = Release|Any CPU
		{4CA19A3A-1E38-4589-B088-C5D35E2F1E6A}.Ad-Hoc|ARM.ActiveCfg = Release|Any CPU
		{4CA19A3A-1E38-4589-B088-C5D35E2F1E6A}.Ad-Hoc|iPhone.ActiveCfg = Release|Any CPU
		{4CA19A3A-1E38-4589-B088-C5D35E2F1E6A}.Ad-Hoc|iPhoneSimulator.ActiveCfg = Release|Any CPU
		{4CA19A3A-1E38-4589-B088-C5D35E2F1E6A}.Ad-Hoc|Mixed Platforms.ActiveCfg = Release|Any CPU
		{4CA19A3A-1E38-4589-B088-C5D35E2F1E6A}.Ad-Hoc|Mixed Platforms.Build.0 = Release|Any CPU
		{4CA19A3A-1E38-4589-B088-C5D35E2F1E6A}.Ad-Hoc|x86.ActiveCfg = Release|Any CPU
		{4CA19A3A-1E38-4589-B088-C5D35E2F1E6A}.AppStore|Any CPU.ActiveCfg = Release|Any CPU
		{4CA19A3A-1E38-4589-B088-C5D35E2F1E6A}.AppStore|Any CPU.Build.0 = Release|Any CPU
		{4CA19A3A-1E38-4589-B088-C5D35E2F1E6A}.AppStore|ARM.ActiveCfg = Release|Any CPU
		{4CA19A3A-1E38-4589-B088-C5D35E2F1E6A}.AppStore|iPhone.ActiveCfg = Release|Any CPU
		{4CA19A3A-1E38-4589-B088-C5D35E2F1E6A}.AppStore|iPhoneSimulator.ActiveCfg = Release|Any CPU
		{4CA19A3A-1E38-4589-B088-C5D35E2F1E6A}.AppStore|Mixed Platforms.ActiveCfg = Release|Any CPU
		{4CA19A3A-1E38-4589-B088-C5D35E2F1E6A}.AppStore|Mixed Platforms.Build.0 = Release|Any CPU
		{4CA19A3A-1E38-4589-B088-C5D35E2F1E6A}.AppStore|x86.ActiveCfg = Release|Any CPU
		{4CA19A3A-1E38-4589-B088-C5D35E2F1E6A}.Debug|Any CPU.ActiveCfg = Debug|Any CPU
		{4CA19A3A-1E38-4589-B088-C5D35E2F1E6A}.Debug|Any CPU.Build.0 = Debug|Any CPU
		{4CA19A3A-1E38-4589-B088-C5D35E2F1E6A}.Debug|ARM.ActiveCfg = Debug|Any CPU
		{4CA19A3A-1E38-4589-B088-C5D35E2F1E6A}.Debug|iPhone.ActiveCfg = Debug|Any CPU
		{4CA19A3A-1E38-4589-B088-C5D35E2F1E6A}.Debug|iPhoneSimulator.ActiveCfg = Debug|Any CPU
		{4CA19A3A-1E38-4589-B088-C5D35E2F1E6A}.Debug|iPhoneSimulator.Build.0 = Debug|Any CPU
		{4CA19A3A-1E38-4589-B088-C5D35E2F1E6A}.Debug|Mixed Platforms.ActiveCfg = Debug|Any CPU
		{4CA19A3A-1E38-4589-B088-C5D35E2F1E6A}.Debug|Mixed Platforms.Build.0 = Debug|Any CPU
		{4CA19A3A-1E38-4589-B088-C5D35E2F1E6A}.Debug|x86.ActiveCfg = Debug|Any CPU
		{4CA19A3A-1E38-4589-B088-C5D35E2F1E6A}.Release|Any CPU.ActiveCfg = Release|Any CPU
		{4CA19A3A-1E38-4589-B088-C5D35E2F1E6A}.Release|Any CPU.Build.0 = Release|Any CPU
		{4CA19A3A-1E38-4589-B088-C5D35E2F1E6A}.Release|ARM.ActiveCfg = Release|Any CPU
		{4CA19A3A-1E38-4589-B088-C5D35E2F1E6A}.Release|iPhone.ActiveCfg = Release|Any CPU
		{4CA19A3A-1E38-4589-B088-C5D35E2F1E6A}.Release|iPhoneSimulator.ActiveCfg = Release|Any CPU
		{4CA19A3A-1E38-4589-B088-C5D35E2F1E6A}.Release|Mixed Platforms.ActiveCfg = Release|Any CPU
		{4CA19A3A-1E38-4589-B088-C5D35E2F1E6A}.Release|Mixed Platforms.Build.0 = Release|Any CPU
		{4CA19A3A-1E38-4589-B088-C5D35E2F1E6A}.Release|x86.ActiveCfg = Release|Any CPU
		{BC754CA3-0A61-41FD-B622-2BE95945007F}.Ad-Hoc|Any CPU.ActiveCfg = Ad-Hoc|iPhone
		{BC754CA3-0A61-41FD-B622-2BE95945007F}.Ad-Hoc|ARM.ActiveCfg = Ad-Hoc|iPhone
		{BC754CA3-0A61-41FD-B622-2BE95945007F}.Ad-Hoc|iPhone.ActiveCfg = Ad-Hoc|iPhone
		{BC754CA3-0A61-41FD-B622-2BE95945007F}.Ad-Hoc|iPhone.Build.0 = Ad-Hoc|iPhone
		{BC754CA3-0A61-41FD-B622-2BE95945007F}.Ad-Hoc|iPhone.Deploy.0 = Ad-Hoc|iPhone
		{BC754CA3-0A61-41FD-B622-2BE95945007F}.Ad-Hoc|iPhoneSimulator.ActiveCfg = Ad-Hoc|iPhoneSimulator
		{BC754CA3-0A61-41FD-B622-2BE95945007F}.Ad-Hoc|iPhoneSimulator.Build.0 = Ad-Hoc|iPhoneSimulator
		{BC754CA3-0A61-41FD-B622-2BE95945007F}.Ad-Hoc|iPhoneSimulator.Deploy.0 = Ad-Hoc|iPhoneSimulator
		{BC754CA3-0A61-41FD-B622-2BE95945007F}.Ad-Hoc|Mixed Platforms.ActiveCfg = Ad-Hoc|iPhone
		{BC754CA3-0A61-41FD-B622-2BE95945007F}.Ad-Hoc|Mixed Platforms.Build.0 = Ad-Hoc|iPhone
		{BC754CA3-0A61-41FD-B622-2BE95945007F}.Ad-Hoc|Mixed Platforms.Deploy.0 = Ad-Hoc|iPhone
		{BC754CA3-0A61-41FD-B622-2BE95945007F}.Ad-Hoc|x86.ActiveCfg = Ad-Hoc|iPhone
		{BC754CA3-0A61-41FD-B622-2BE95945007F}.AppStore|Any CPU.ActiveCfg = AppStore|iPhone
		{BC754CA3-0A61-41FD-B622-2BE95945007F}.AppStore|ARM.ActiveCfg = AppStore|iPhone
		{BC754CA3-0A61-41FD-B622-2BE95945007F}.AppStore|iPhone.ActiveCfg = AppStore|iPhone
		{BC754CA3-0A61-41FD-B622-2BE95945007F}.AppStore|iPhone.Build.0 = AppStore|iPhone
		{BC754CA3-0A61-41FD-B622-2BE95945007F}.AppStore|iPhone.Deploy.0 = AppStore|iPhone
		{BC754CA3-0A61-41FD-B622-2BE95945007F}.AppStore|iPhoneSimulator.ActiveCfg = AppStore|iPhoneSimulator
		{BC754CA3-0A61-41FD-B622-2BE95945007F}.AppStore|iPhoneSimulator.Build.0 = AppStore|iPhoneSimulator
		{BC754CA3-0A61-41FD-B622-2BE95945007F}.AppStore|iPhoneSimulator.Deploy.0 = AppStore|iPhoneSimulator
		{BC754CA3-0A61-41FD-B622-2BE95945007F}.AppStore|Mixed Platforms.ActiveCfg = AppStore|iPhone
		{BC754CA3-0A61-41FD-B622-2BE95945007F}.AppStore|Mixed Platforms.Build.0 = AppStore|iPhone
		{BC754CA3-0A61-41FD-B622-2BE95945007F}.AppStore|Mixed Platforms.Deploy.0 = AppStore|iPhone
		{BC754CA3-0A61-41FD-B622-2BE95945007F}.AppStore|x86.ActiveCfg = AppStore|iPhone
		{BC754CA3-0A61-41FD-B622-2BE95945007F}.Debug|Any CPU.ActiveCfg = Debug|iPhone
		{BC754CA3-0A61-41FD-B622-2BE95945007F}.Debug|ARM.ActiveCfg = Debug|iPhone
		{BC754CA3-0A61-41FD-B622-2BE95945007F}.Debug|iPhone.ActiveCfg = Debug|iPhone
		{BC754CA3-0A61-41FD-B622-2BE95945007F}.Debug|iPhone.Build.0 = Debug|iPhone
		{BC754CA3-0A61-41FD-B622-2BE95945007F}.Debug|iPhone.Deploy.0 = Debug|iPhone
		{BC754CA3-0A61-41FD-B622-2BE95945007F}.Debug|iPhoneSimulator.ActiveCfg = Debug|iPhoneSimulator
		{BC754CA3-0A61-41FD-B622-2BE95945007F}.Debug|iPhoneSimulator.Build.0 = Debug|iPhoneSimulator
		{BC754CA3-0A61-41FD-B622-2BE95945007F}.Debug|iPhoneSimulator.Deploy.0 = Debug|iPhoneSimulator
		{BC754CA3-0A61-41FD-B622-2BE95945007F}.Debug|Mixed Platforms.ActiveCfg = Debug|iPhone
		{BC754CA3-0A61-41FD-B622-2BE95945007F}.Debug|Mixed Platforms.Build.0 = Debug|iPhone
		{BC754CA3-0A61-41FD-B622-2BE95945007F}.Debug|Mixed Platforms.Deploy.0 = Debug|iPhone
		{BC754CA3-0A61-41FD-B622-2BE95945007F}.Debug|x86.ActiveCfg = Debug|iPhone
		{BC754CA3-0A61-41FD-B622-2BE95945007F}.Release|Any CPU.ActiveCfg = Release|iPhone
		{BC754CA3-0A61-41FD-B622-2BE95945007F}.Release|ARM.ActiveCfg = Release|iPhone
		{BC754CA3-0A61-41FD-B622-2BE95945007F}.Release|iPhone.ActiveCfg = Release|iPhone
		{BC754CA3-0A61-41FD-B622-2BE95945007F}.Release|iPhone.Build.0 = Release|iPhone
		{BC754CA3-0A61-41FD-B622-2BE95945007F}.Release|iPhone.Deploy.0 = Release|iPhone
		{BC754CA3-0A61-41FD-B622-2BE95945007F}.Release|iPhoneSimulator.ActiveCfg = Release|iPhoneSimulator
		{BC754CA3-0A61-41FD-B622-2BE95945007F}.Release|iPhoneSimulator.Build.0 = Release|iPhoneSimulator
		{BC754CA3-0A61-41FD-B622-2BE95945007F}.Release|iPhoneSimulator.Deploy.0 = Release|iPhoneSimulator
		{BC754CA3-0A61-41FD-B622-2BE95945007F}.Release|Mixed Platforms.ActiveCfg = Release|iPhone
		{BC754CA3-0A61-41FD-B622-2BE95945007F}.Release|Mixed Platforms.Build.0 = Release|iPhone
		{BC754CA3-0A61-41FD-B622-2BE95945007F}.Release|Mixed Platforms.Deploy.0 = Release|iPhone
		{BC754CA3-0A61-41FD-B622-2BE95945007F}.Release|x86.ActiveCfg = Release|iPhone
	EndGlobalSection
	GlobalSection(MonoDevelopProperties) = preSolution
		StartupItem = first\first.iOS\first.iOS.csproj
	EndGlobalSection
	GlobalSection(SolutionProperties) = preSolution
		HideSolutionNode = FALSE
	EndGlobalSection
EndGlobal
